
Microsoft Visual Studio Solution File, Format Version 12.00
# Visual Studio Version 17
VisualStudioVersion = 17.0.31903.59
MinimumVisualStudioVersion = 10.0.40219.1
Project("{2150E333-8FDC-42A3-9474-1A3956D46DE8}") = "src", "src", "{827E0CD3-B72D-47B6-A68D-7590B98EB39B}"
EndProject
Project("{FAE04EC0-301F-11D3-BF4B-00C04F79EFBC}") = "Arronix.Abstractions", "src\Arronix.Abstractions\Arronix.Abstractions.csproj", "{CF273491-3418-45E3-9723-E48257D619DF}"
EndProject
Project("{FAE04EC0-301F-11D3-BF4B-00C04F79EFBC}") = "Arronix.Abstractions.Tests", "src\Arronix.Abstractions.Tests\Arronix.Abstractions.Tests.csproj", "{940CD128-9D17-45EF-B575-8FF79A481B57}"
EndProject
Project("{FAE04EC0-301F-11D3-BF4B-00C04F79EFBC}") = "Arronix.Common", "src\Arronix.Common\Arronix.Common.csproj", "{5C292305-035C-444A-B57E-31290CAD8FC3}"
EndProject
Project("{FAE04EC0-301F-11D3-BF4B-00C04F79EFBC}") = "Arronix.Common.Tests", "src\Arronix.Common.Tests\Arronix.Common.Tests.csproj", "{9FF8BAB2-6BF8-40A1-BAE8-5F7362B983D3}"
EndProject
Project("{FAE04EC0-301F-11D3-BF4B-00C04F79EFBC}") = "Arronix.Plugins", "src\Arronix.Plugins\Arronix.Plugins.csproj", "{3D56877B-6AD4-48E2-B984-5DA4759A3713}"
EndProject
Project("{FAE04EC0-301F-11D3-BF4B-00C04F79EFBC}") = "Arronix.Plugins.Tests", "src\Arronix.Plugins.Tests\Arronix.Plugins.Tests.csproj", "{09D52478-7248-40AC-A0EF-E0DC0FFD2FB9}"
EndProject
Project("{FAE04EC0-301F-11D3-BF4B-00C04F79EFBC}") = "Arronix.Host", "src\Arronix.Host\Arronix.Host.csproj", "{14183E1A-81D8-48EE-BDBF-B789337A0BD2}"
EndProject
Project("{FAE04EC0-301F-11D3-BF4B-00C04F79EFBC}") = "Arronix.Api", "src\Arronix.Api\Arronix.Api.csproj", "{B7D6620B-1E3D-43E5-B59C-F40FE43D8E76}"
EndProject
Project("{FAE04EC0-301F-11D3-BF4B-00C04F79EFBC}") = "Arronix.Client", "src\Arronix.Client\Arronix.Client.csproj", "{58BD8768-506C-43FA-A371-B7838CE4C745}"
EndProject
Project("{FAE04EC0-301F-11D3-BF4B-00C04F79EFBC}") = "Arronix.Plugin.Tv", "src\Arronix.Plugin.Tv\Arronix.Plugin.Tv.csproj", "{8D346CB1-D1C9-4E2D-95CE-2CD035FC5F5E}"
EndProject
Project("{FAE04EC0-301F-11D3-BF4B-00C04F79EFBC}") = "Arronix.Plugin.Movies", "src\Arronix.Plugin.Movies\Arronix.Plugin.Movies.csproj", "{9D82E88E-595A-4B42-A6E1-A5E7CB953C67}"
EndProject
Project("{FAE04EC0-301F-11D3-BF4B-00C04F79EFBC}") = "Arronix.Plugin.Music", "src\Arronix.Plugin.Music\Arronix.Plugin.Music.csproj", "{ED9FE5DF-9756-4384-8F7A-854222B10ED4}"
EndProject
Project("{FAE04EC0-301F-11D3-BF4B-00C04F79EFBC}") = "Arronix.Plugin.Music.Tests", "src\Arronix.Plugin.Music.Tests\Arronix.Plugin.Music.Tests.csproj", "{E5A7FCD1-AA93-4307-B772-33E56B74D81D}"
EndProject
Project("{FAE04EC0-301F-11D3-BF4B-00C04F79EFBC}") = "Arronix.Plugin.Books", "src\Arronix.Plugin.Books\Arronix.Plugin.Books.csproj", "{8A337240-826B-437D-940B-5A9FC79FAEFD}"
EndProject
Project("{FAE04EC0-301F-11D3-BF4B-00C04F79EFBC}") = "Arronix.Host.Tests", "src\Arronix.Host.Tests\Arronix.Host.Tests.csproj", "{BE26BE86-EA33-4BAB-8A75-995BE4C3DA24}"
EndProject
Project("{FAE04EC0-301F-11D3-BF4B-00C04F79EFBC}") = "Arronix.Host.Tests.G02AdmissionFixture", "src\Arronix.Host.Tests.G02AdmissionFixture\Arronix.Host.Tests.G02AdmissionFixture.csproj", "{D45C3AF4-2A9D-4BC0-B08C-8B6C6E1B7202}"
EndProject
Project("{FAE04EC0-301F-11D3-BF4B-00C04F79EFBC}") = "Arronix.Plugin.Tv.Tests", "src\Arronix.Plugin.Tv.Tests\Arronix.Plugin.Tv.Tests.csproj", "{12AF7F9B-2E27-453F-AFED-BA20F1180AA9}"
EndProject
Project("{FAE04EC0-301F-11D3-BF4B-00C04F79EFBC}") = "Arronix.Architecture.Tests", "src\Arronix.Architecture.Tests\Arronix.Architecture.Tests.csproj", "{6F11D14B-CB26-4AF1-A6E1-776C85241C2E}"
EndProject
Project("{FAE04EC0-301F-11D3-BF4B-00C04F79EFBC}") = "Arronix.Plugin.Movies.Tests", "src\Arronix.Plugin.Movies.Tests\Arronix.Plugin.Movies.Tests.csproj", "{734CBEEA-2213-4608-A02F-439C5855A14B}"
EndProject
Project("{FAE04EC0-301F-11D3-BF4B-00C04F79EFBC}") = "Arronix.Format.Video", "src\Arronix.Format.Video\Arronix.Format.Video.csproj", "{A027FE7A-8FBC-4C1F-8119-FB935BD3A74A}"
EndProject
Project("{FAE04EC0-301F-11D3-BF4B-00C04F79EFBC}") = "Arronix.Format.Video.Tests", "src\Arronix.Format.Video.Tests\Arronix.Format.Video.Tests.csproj", "{A0B2F651-9197-4192-8A4D-5F22A3BB7E98}"
EndProject
Project("{FAE04EC0-301F-11D3-BF4B-00C04F79EFBC}") = "Arronix.Language.Reference", "src\Arronix.Language.Reference\Arronix.Language.Reference.csproj", "{C13CC684-7D9A-4B3D-9822-A1A87AE270F2}"
EndProject
Project("{FAE04EC0-301F-11D3-BF4B-00C04F79EFBC}") = "Arronix.Generators", "src\Arronix.Generators\Arronix.Generators.csproj", "{6C23744B-8E22-43B5-B600-77B2984FA5E4}"
EndProject
Project("{FAE04EC0-301F-11D3-BF4B-00C04F79EFBC}") = "Arronix.Generators.Tests", "src\Arronix.Generators.Tests\Arronix.Generators.Tests.csproj", "{26A27BA2-75AA-4E63-A317-08C282508CE1}"
EndProject
Project("{FAE04EC0-301F-11D3-BF4B-00C04F79EFBC}") = "Arronix.Compatibility.Ratchet", "src\Arronix.Compatibility.Ratchet\Arronix.Compatibility.Ratchet.csproj", "{9267709C-EF92-4765-9056-1EB02A428E80}"
EndProject
Project("{FAE04EC0-301F-11D3-BF4B-00C04F79EFBC}") = "Arronix.Compatibility.Ratchet.Tests", "src\Arronix.Compatibility.Ratchet.Tests\Arronix.Compatibility.Ratchet.Tests.csproj", "{1BF40717-67A5-48B8-B3EE-D35AE2E2E869}"
EndProject
Project("{FAE04EC0-301F-11D3-BF4B-00C04F79EFBC}") = "Arronix.Format.Video.Contributions", "src\Arronix.Format.Video.Contributions\Arronix.Format.Video.Contributions.csproj", "{6B1A2D45-6E80-4E1C-9C6B-1E0A9E4A31C7}"
EndProject
Project("{FAE04EC0-301F-11D3-BF4B-00C04F79EFBC}") = "Arronix.Media.Movies", "src\Arronix.Media.Movies\Arronix.Media.Movies.csproj", "{3F7E5B92-9A54-4D0A-8E2F-6C48B7D51A3E}"
EndProject
Project("{FAE04EC0-301F-11D3-BF4B-00C04F79EFBC}") = "Arronix.Architecture.Tests.MovieCatalogerFixture", "src\Arronix.Architecture.Tests.MovieCatalogerFixture\Arronix.Architecture.Tests.MovieCatalogerFixture.csproj", "{2C9D74F1-08B3-4E67-9F4D-5A6B1C82E0D9}"
EndProject
Project("{FAE04EC0-301F-11D3-BF4B-00C04F79EFBC}") = "Arronix.Fixture.VideoDependant", "src\Arronix.Fixture.VideoDependant\Arronix.Fixture.VideoDependant.csproj", "{8B41F7C2-5D3A-4A18-9C6E-2F70A9D14B55}"
EndProject
Project("{FAE04EC0-301F-11D3-BF4B-00C04F79EFBC}") = "Arronix.Provider.Tmdb", "src\Arronix.Provider.Tmdb\Arronix.Provider.Tmdb.csproj", "{D055CEEE-0953-494D-9439-3FDE681AADB6}"
EndProject
Project("{FAE04EC0-301F-11D3-BF4B-00C04F79EFBC}") = "Arronix.Provider.Tmdb.Tests", "src\Arronix.Provider.Tmdb.Tests\Arronix.Provider.Tmdb.Tests.csproj", "{5F3C3123-49B9-4BD8-AB65-71CFE033ABCE}"
EndProject
Global
	GlobalSection(SolutionConfigurationPlatforms) = preSolution
		Debug|Any CPU = Debug|Any CPU
		Debug|x64 = Debug|x64
		Debug|x86 = Debug|x86
		Release|Any CPU = Release|Any CPU
		Release|x64 = Release|x64
		Release|x86 = Release|x86
	EndGlobalSection
	GlobalSection(ProjectConfigurationPlatforms) = postSolution
		{CF273491-3418-45E3-9723-E48257D619DF}.Debug|Any CPU.ActiveCfg = Debug|Any CPU
		{CF273491-3418-45E3-9723-E48257D619DF}.Debug|Any CPU.Build.0 = Debug|Any CPU
		{CF273491-3418-45E3-9723-E48257D619DF}.Debug|x64.ActiveCfg = Debug|Any CPU
		{CF273491-3418-45E3-9723-E48257D619DF}.Debug|x64.Build.0 = Debug|Any CPU
		{CF273491-3418-45E3-9723-E48257D619DF}.Debug|x86.ActiveCfg = Debug|Any CPU
		{CF273491-3418-45E3-9723-E48257D619DF}.Debug|x86.Build.0 = Debug|Any CPU
		{CF273491-3418-45E3-9723-E48257D619DF}.Release|Any CPU.ActiveCfg = Release|Any CPU
		{CF273491-3418-45E3-9723-E48257D619DF}.Release|Any CPU.Build.0 = Release|Any CPU
		{CF273491-3418-45E3-9723-E48257D619DF}.Release|x64.ActiveCfg = Release|Any CPU
		{CF273491-3418-45E3-9723-E48257D619DF}.Release|x64.Build.0 = Release|Any CPU
		{CF273491-3418-45E3-9723-E48257D619DF}.Release|x86.ActiveCfg = Release|Any CPU
		{CF273491-3418-45E3-9723-E48257D619DF}.Release|x86.Build.0 = Release|Any CPU
		{940CD128-9D17-45EF-B575-8FF79A481B57}.Debug|Any CPU.ActiveCfg = Debug|Any CPU
		{940CD128-9D17-45EF-B575-8FF79A481B57}.Debug|Any CPU.Build.0 = Debug|Any CPU
		{940CD128-9D17-45EF-B575-8FF79A481B57}.Debug|x64.ActiveCfg = Debug|Any CPU
		{940CD128-9D17-45EF-B575-8FF79A481B57}.Debug|x64.Build.0 = Debug|Any CPU
		{940CD128-9D17-45EF-B575-8FF79A481B57}.Debug|x86.ActiveCfg = Debug|Any CPU
		{940CD128-9D17-45EF-B575-8FF79A481B57}.Debug|x86.Build.0 = Debug|Any CPU
		{940CD128-9D17-45EF-B575-8FF79A481B57}.Release|Any CPU.ActiveCfg = Release|Any CPU
		{940CD128-9D17-45EF-B575-8FF79A481B57}.Release|Any CPU.Build.0 = Release|Any CPU
		{940CD128-9D17-45EF-B575-8FF79A481B57}.Release|x64.ActiveCfg = Release|Any CPU
		{940CD128-9D17-45EF-B575-8FF79A481B57}.Release|x64.Build.0 = Release|Any CPU
		{940CD128-9D17-45EF-B575-8FF79A481B57}.Release|x86.ActiveCfg = Release|Any CPU
		{940CD128-9D17-45EF-B575-8FF79A481B57}.Release|x86.Build.0 = Release|Any CPU
		{5C292305-035C-444A-B57E-31290CAD8FC3}.Debug|Any CPU.ActiveCfg = Debug|Any CPU
		{5C292305-035C-444A-B57E-31290CAD8FC3}.Debug|Any CPU.Build.0 = Debug|Any CPU
		{5C292305-035C-444A-B57E-31290CAD8FC3}.Debug|x64.ActiveCfg = Debug|Any CPU
		{5C292305-035C-444A-B57E-31290CAD8FC3}.Debug|x64.Build.0 = Debug|Any CPU
		{5C292305-035C-444A-B57E-31290CAD8FC3}.Debug|x86.ActiveCfg = Debug|Any CPU
		{5C292305-035C-444A-B57E-31290CAD8FC3}.Debug|x86.Build.0 = Debug|Any CPU
		{5C292305-035C-444A-B57E-31290CAD8FC3}.Release|Any CPU.ActiveCfg = Release|Any CPU
		{5C292305-035C-444A-B57E-31290CAD8FC3}.Release|Any CPU.Build.0 = Release|Any CPU
		{5C292305-035C-444A-B57E-31290CAD8FC3}.Release|x64.ActiveCfg = Release|Any CPU
		{5C292305-035C-444A-B57E-31290CAD8FC3}.Release|x64.Build.0 = Release|Any CPU
		{5C292305-035C-444A-B57E-31290CAD8FC3}.Release|x86.ActiveCfg = Release|Any CPU
		{5C292305-035C-444A-B57E-31290CAD8FC3}.Release|x86.Build.0 = Release|Any CPU
		{9FF8BAB2-6BF8-40A1-BAE8-5F7362B983D3}.Debug|Any CPU.ActiveCfg = Debug|Any CPU
		{9FF8BAB2-6BF8-40A1-BAE8-5F7362B983D3}.Debug|Any CPU.Build.0 = Debug|Any CPU
		{9FF8BAB2-6BF8-40A1-BAE8-5F7362B983D3}.Debug|x64.ActiveCfg = Debug|Any CPU
		{9FF8BAB2-6BF8-40A1-BAE8-5F7362B983D3}.Debug|x64.Build.0 = Debug|Any CPU
		{9FF8BAB2-6BF8-40A1-BAE8-5F7362B983D3}.Debug|x86.ActiveCfg = Debug|Any CPU
		{9FF8BAB2-6BF8-40A1-BAE8-5F7362B983D3}.Debug|x86.Build.0 = Debug|Any CPU
		{9FF8BAB2-6BF8-40A1-BAE8-5F7362B983D3}.Release|Any CPU.ActiveCfg = Release|Any CPU
		{9FF8BAB2-6BF8-40A1-BAE8-5F7362B983D3}.Release|Any CPU.Build.0 = Release|Any CPU
		{9FF8BAB2-6BF8-40A1-BAE8-5F7362B983D3}.Release|x64.ActiveCfg = Release|Any CPU
		{9FF8BAB2-6BF8-40A1-BAE8-5F7362B983D3}.Release|x64.Build.0 = Release|Any CPU
		{9FF8BAB2-6BF8-40A1-BAE8-5F7362B983D3}.Release|x86.ActiveCfg = Release|Any CPU
		{9FF8BAB2-6BF8-40A1-BAE8-5F7362B983D3}.Release|x86.Build.0 = Release|Any CPU
		{3D56877B-6AD4-48E2-B984-5DA4759A3713}.Debug|Any CPU.ActiveCfg = Debug|Any CPU
		{3D56877B-6AD4-48E2-B984-5DA4759A3713}.Debug|Any CPU.Build.0 = Debug|Any CPU
		{3D56877B-6AD4-48E2-B984-5DA4759A3713}.Debug|x64.ActiveCfg = Debug|Any CPU
		{3D56877B-6AD4-48E2-B984-5DA4759A3713}.Debug|x64.Build.0 = Debug|Any CPU
		{3D56877B-6AD4-48E2-B984-5DA4759A3713}.Debug|x86.ActiveCfg = Debug|Any CPU
		{3D56877B-6AD4-48E2-B984-5DA4759A3713}.Debug|x86.Build.0 = Debug|Any CPU
		{3D56877B-6AD4-48E2-B984-5DA4759A3713}.Release|Any CPU.ActiveCfg = Release|Any CPU
		{3D56877B-6AD4-48E2-B984-5DA4759A3713}.Release|Any CPU.Build.0 = Release|Any CPU
		{3D56877B-6AD4-48E2-B984-5DA4759A3713}.Release|x64.ActiveCfg = Release|Any CPU
		{3D56877B-6AD4-48E2-B984-5DA4759A3713}.Release|x64.Build.0 = Release|Any CPU
		{3D56877B-6AD4-48E2-B984-5DA4759A3713}.Release|x86.ActiveCfg = Release|Any CPU
		{3D56877B-6AD4-48E2-B984-5DA4759A3713}.Release|x86.Build.0 = Release|Any CPU
		{09D52478-7248-40AC-A0EF-E0DC0FFD2FB9}.Debug|Any CPU.ActiveCfg = Debug|Any CPU
		{09D52478-7248-40AC-A0EF-E0DC0FFD2FB9}.Debug|Any CPU.Build.0 = Debug|Any CPU
		{09D52478-7248-40AC-A0EF-E0DC0FFD2FB9}.Debug|x64.ActiveCfg = Debug|Any CPU
		{09D52478-7248-40AC-A0EF-E0DC0FFD2FB9}.Debug|x64.Build.0 = Debug|Any CPU
		{09D52478-7248-40AC-A0EF-E0DC0FFD2FB9}.Debug|x86.ActiveCfg = Debug|Any CPU
		{09D52478-7248-40AC-A0EF-E0DC0FFD2FB9}.Debug|x86.Build.0 = Debug|Any CPU
		{09D52478-7248-40AC-A0EF-E0DC0FFD2FB9}.Release|Any CPU.ActiveCfg = Release|Any CPU
		{09D52478-7248-40AC-A0EF-E0DC0FFD2FB9}.Release|Any CPU.Build.0 = Release|Any CPU
		{09D52478-7248-40AC-A0EF-E0DC0FFD2FB9}.Release|x64.ActiveCfg = Release|Any CPU
		{09D52478-7248-40AC-A0EF-E0DC0FFD2FB9}.Release|x64.Build.0 = Release|Any CPU
		{09D52478-7248-40AC-A0EF-E0DC0FFD2FB9}.Release|x86.ActiveCfg = Release|Any CPU
		{09D52478-7248-40AC-A0EF-E0DC0FFD2FB9}.Release|x86.Build.0 = Release|Any CPU
		{14183E1A-81D8-48EE-BDBF-B789337A0BD2}.Debug|Any CPU.ActiveCfg = Debug|Any CPU
		{14183E1A-81D8-48EE-BDBF-B789337A0BD2}.Debug|Any CPU.Build.0 = Debug|Any CPU
		{14183E1A-81D8-48EE-BDBF-B789337A0BD2}.Debug|x64.ActiveCfg = Debug|Any CPU
		{14183E1A-81D8-48EE-BDBF-B789337A0BD2}.Debug|x64.Build.0 = Debug|Any CPU
		{14183E1A-81D8-48EE-BDBF-B789337A0BD2}.Debug|x86.ActiveCfg = Debug|Any CPU
		{14183E1A-81D8-48EE-BDBF-B789337A0BD2}.Debug|x86.Build.0 = Debug|Any CPU
		{14183E1A-81D8-48EE-BDBF-B789337A0BD2}.Release|Any CPU.ActiveCfg = Release|Any CPU
		{14183E1A-81D8-48EE-BDBF-B789337A0BD2}.Release|Any CPU.Build.0 = Release|Any CPU
		{14183E1A-81D8-48EE-BDBF-B789337A0BD2}.Release|x64.ActiveCfg = Release|Any CPU
		{14183E1A-81D8-48EE-BDBF-B789337A0BD2}.Release|x64.Build.0 = Release|Any CPU
		{14183E1A-81D8-48EE-BDBF-B789337A0BD2}.Release|x86.ActiveCfg = Release|Any CPU
		{14183E1A-81D8-48EE-BDBF-B789337A0BD2}.Release|x86.Build.0 = Release|Any CPU
		{B7D6620B-1E3D-43E5-B59C-F40FE43D8E76}.Debug|Any CPU.ActiveCfg = Debug|Any CPU
		{B7D6620B-1E3D-43E5-B59C-F40FE43D8E76}.Debug|Any CPU.Build.0 = Debug|Any CPU
		{B7D6620B-1E3D-43E5-B59C-F40FE43D8E76}.Debug|x64.ActiveCfg = Debug|Any CPU
		{B7D6620B-1E3D-43E5-B59C-F40FE43D8E76}.Debug|x64.Build.0 = Debug|Any CPU
		{B7D6620B-1E3D-43E5-B59C-F40FE43D8E76}.Debug|x86.ActiveCfg = Debug|Any CPU
		{B7D6620B-1E3D-43E5-B59C-F40FE43D8E76}.Debug|x86.Build.0 = Debug|Any CPU
		{B7D6620B-1E3D-43E5-B59C-F40FE43D8E76}.Release|Any CPU.ActiveCfg = Release|Any CPU
		{B7D6620B-1E3D-43E5-B59C-F40FE43D8E76}.Release|Any CPU.Build.0 = Release|Any CPU
		{B7D6620B-1E3D-43E5-B59C-F40FE43D8E76}.Release|x64.ActiveCfg = Release|Any CPU
		{B7D6620B-1E3D-43E5-B59C-F40FE43D8E76}.Release|x64.Build.0 = Release|Any CPU
		{B7D6620B-1E3D-43E5-B59C-F40FE43D8E76}.Release|x86.ActiveCfg = Release|Any CPU
		{B7D6620B-1E3D-43E5-B59C-F40FE43D8E76}.Release|x86.Build.0 = Release|Any CPU
		{58BD8768-506C-43FA-A371-B7838CE4C745}.Debug|Any CPU.ActiveCfg = Debug|Any CPU
		{58BD8768-506C-43FA-A371-B7838CE4C745}.Debug|Any CPU.Build.0 = Debug|Any CPU
		{58BD8768-506C-43FA-A371-B7838CE4C745}.Debug|x64.ActiveCfg = Debug|Any CPU
		{58BD8768-506C-43FA-A371-B7838CE4C745}.Debug|x64.Build.0 = Debug|Any CPU
		{58BD8768-506C-43FA-A371-B7838CE4C745}.Debug|x86.ActiveCfg = Debug|Any CPU
		{58BD8768-506C-43FA-A371-B7838CE4C745}.Debug|x86.Build.0 = Debug|Any CPU
		{58BD8768-506C-43FA-A371-B7838CE4C745}.Release|Any CPU.ActiveCfg = Release|Any CPU
		{58BD8768-506C-43FA-A371-B7838CE4C745}.Release|Any CPU.Build.0 = Release|Any CPU
		{58BD8768-506C-43FA-A371-B7838CE4C745}.Release|x64.ActiveCfg = Release|Any CPU
		{58BD8768-506C-43FA-A371-B7838CE4C745}.Release|x64.Build.0 = Release|Any CPU
		{58BD8768-506C-43FA-A371-B7838CE4C745}.Release|x86.ActiveCfg = Release|Any CPU
		{58BD8768-506C-43FA-A371-B7838CE4C745}.Release|x86.Build.0 = Release|Any CPU
		{8D346CB1-D1C9-4E2D-95CE-2CD035FC5F5E}.Debug|Any CPU.ActiveCfg = Debug|Any CPU
		{8D346CB1-D1C9-4E2D-95CE-2CD035FC5F5E}.Debug|Any CPU.Build.0 = Debug|Any CPU
		{8D346CB1-D1C9-4E2D-95CE-2CD035FC5F5E}.Debug|x64.ActiveCfg = Debug|Any CPU
		{8D346CB1-D1C9-4E2D-95CE-2CD035FC5F5E}.Debug|x64.Build.0 = Debug|Any CPU
		{8D346CB1-D1C9-4E2D-95CE-2CD035FC5F5E}.Debug|x86.ActiveCfg = Debug|Any CPU
		{8D346CB1-D1C9-4E2D-95CE-2CD035FC5F5E}.Debug|x86.Build.0 = Debug|Any CPU
		{8D346CB1-D1C9-4E2D-95CE-2CD035FC5F5E}.Release|Any CPU.ActiveCfg = Release|Any CPU
		{8D346CB1-D1C9-4E2D-95CE-2CD035FC5F5E}.Release|Any CPU.Build.0 = Release|Any CPU
		{8D346CB1-D1C9-4E2D-95CE-2CD035FC5F5E}.Release|x64.ActiveCfg = Release|Any CPU
		{8D346CB1-D1C9-4E2D-95CE-2CD035FC5F5E}.Release|x64.Build.0 = Release|Any CPU
		{8D346CB1-D1C9-4E2D-95CE-2CD035FC5F5E}.Release|x86.ActiveCfg = Release|Any CPU
		{8D346CB1-D1C9-4E2D-95CE-2CD035FC5F5E}.Release|x86.Build.0 = Release|Any CPU
		{9D82E88E-595A-4B42-A6E1-A5E7CB953C67}.Debug|Any CPU.ActiveCfg = Debug|Any CPU
		{9D82E88E-595A-4B42-A6E1-A5E7CB953C67}.Debug|Any CPU.Build.0 = Debug|Any CPU
		{9D82E88E-595A-4B42-A6E1-A5E7CB953C67}.Debug|x64.ActiveCfg = Debug|Any CPU
		{9D82E88E-595A-4B42-A6E1-A5E7CB953C67}.Debug|x64.Build.0 = Debug|Any CPU
		{9D82E88E-595A-4B42-A6E1-A5E7CB953C67}.Debug|x86.ActiveCfg = Debug|Any CPU
		{9D82E88E-595A-4B42-A6E1-A5E7CB953C67}.Debug|x86.Build.0 = Debug|Any CPU
		{9D82E88E-595A-4B42-A6E1-A5E7CB953C67}.Release|Any CPU.ActiveCfg = Release|Any CPU
		{9D82E88E-595A-4B42-A6E1-A5E7CB953C67}.Release|Any CPU.Build.0 = Release|Any CPU
		{9D82E88E-595A-4B42-A6E1-A5E7CB953C67}.Release|x64.ActiveCfg = Release|Any CPU
		{9D82E88E-595A-4B42-A6E1-A5E7CB953C67}.Release|x64.Build.0 = Release|Any CPU
		{9D82E88E-595A-4B42-A6E1-A5E7CB953C67}.Release|x86.ActiveCfg = Release|Any CPU
		{9D82E88E-595A-4B42-A6E1-A5E7CB953C67}.Release|x86.Build.0 = Release|Any CPU
		{ED9FE5DF-9756-4384-8F7A-854222B10ED4}.Debug|Any CPU.ActiveCfg = Debug|Any CPU
		{ED9FE5DF-9756-4384-8F7A-854222B10ED4}.Debug|Any CPU.Build.0 = Debug|Any CPU
		{ED9FE5DF-9756-4384-8F7A-854222B10ED4}.Debug|x64.ActiveCfg = Debug|Any CPU
		{ED9FE5DF-9756-4384-8F7A-854222B10ED4}.Debug|x64.Build.0 = Debug|Any CPU
		{ED9FE5DF-9756-4384-8F7A-854222B10ED4}.Debug|x86.ActiveCfg = Debug|Any CPU
		{ED9FE5DF-9756-4384-8F7A-854222B10ED4}.Debug|x86.Build.0 = Debug|Any CPU
		{ED9FE5DF-9756-4384-8F7A-854222B10ED4}.Release|Any CPU.ActiveCfg = Release|Any CPU
		{ED9FE5DF-9756-4384-8F7A-854222B10ED4}.Release|Any CPU.Build.0 = Release|Any CPU
		{ED9FE5DF-9756-4384-8F7A-854222B10ED4}.Release|x64.ActiveCfg = Release|Any CPU
		{ED9FE5DF-9756-4384-8F7A-854222B10ED4}.Release|x64.Build.0 = Release|Any CPU
		{ED9FE5DF-9756-4384-8F7A-854222B10ED4}.Release|x86.ActiveCfg = Release|Any CPU
		{ED9FE5DF-9756-4384-8F7A-854222B10ED4}.Release|x86.Build.0 = Release|Any CPU
		{E5A7FCD1-AA93-4307-B772-33E56B74D81D}.Debug|Any CPU.ActiveCfg = Debug|Any CPU
		{E5A7FCD1-AA93-4307-B772-33E56B74D81D}.Debug|Any CPU.Build.0 = Debug|Any CPU
		{E5A7FCD1-AA93-4307-B772-33E56B74D81D}.Debug|x64.ActiveCfg = Debug|Any CPU
		{E5A7FCD1-AA93-4307-B772-33E56B74D81D}.Debug|x64.Build.0 = Debug|Any CPU
		{E5A7FCD1-AA93-4307-B772-33E56B74D81D}.Debug|x86.ActiveCfg = Debug|Any CPU
		{E5A7FCD1-AA93-4307-B772-33E56B74D81D}.Debug|x86.Build.0 = Debug|Any CPU
		{E5A7FCD1-AA93-4307-B772-33E56B74D81D}.Release|Any CPU.ActiveCfg = Release|Any CPU
		{E5A7FCD1-AA93-4307-B772-33E56B74D81D}.Release|Any CPU.Build.0 = Release|Any CPU
		{E5A7FCD1-AA93-4307-B772-33E56B74D81D}.Release|x64.ActiveCfg = Release|Any CPU
		{E5A7FCD1-AA93-4307-B772-33E56B74D81D}.Release|x64.Build.0 = Release|Any CPU
		{E5A7FCD1-AA93-4307-B772-33E56B74D81D}.Release|x86.ActiveCfg = Release|Any CPU
		{E5A7FCD1-AA93-4307-B772-33E56B74D81D}.Release|x86.Build.0 = Release|Any CPU
		{8A337240-826B-437D-940B-5A9FC79FAEFD}.Debug|Any CPU.ActiveCfg = Debug|Any CPU
		{8A337240-826B-437D-940B-5A9FC79FAEFD}.Debug|Any CPU.Build.0 = Debug|Any CPU
		{8A337240-826B-437D-940B-5A9FC79FAEFD}.Debug|x64.ActiveCfg = Debug|Any CPU
		{8A337240-826B-437D-940B-5A9FC79FAEFD}.Debug|x64.Build.0 = Debug|Any CPU
		{8A337240-826B-437D-940B-5A9FC79FAEFD}.Debug|x86.ActiveCfg = Debug|Any CPU
		{8A337240-826B-437D-940B-5A9FC79FAEFD}.Debug|x86.Build.0 = Debug|Any CPU
		{8A337240-826B-437D-940B-5A9FC79FAEFD}.Release|Any CPU.ActiveCfg = Release|Any CPU
		{8A337240-826B-437D-940B-5A9FC79FAEFD}.Release|Any CPU.Build.0 = Release|Any CPU
		{8A337240-826B-437D-940B-5A9FC79FAEFD}.Release|x64.ActiveCfg = Release|Any CPU
		{8A337240-826B-437D-940B-5A9FC79FAEFD}.Release|x64.Build.0 = Release|Any CPU
		{8A337240-826B-437D-940B-5A9FC79FAEFD}.Release|x86.ActiveCfg = Release|Any CPU
		{8A337240-826B-437D-940B-5A9FC79FAEFD}.Release|x86.Build.0 = Release|Any CPU
		{BE26BE86-EA33-4BAB-8A75-995BE4C3DA24}.Debug|Any CPU.ActiveCfg = Debug|Any CPU
		{BE26BE86-EA33-4BAB-8A75-995BE4C3DA24}.Debug|Any CPU.Build.0 = Debug|Any CPU
		{BE26BE86-EA33-4BAB-8A75-995BE4C3DA24}.Debug|x64.ActiveCfg = Debug|Any CPU
		{BE26BE86-EA33-4BAB-8A75-995BE4C3DA24}.Debug|x64.Build.0 = Debug|Any CPU
		{BE26BE86-EA33-4BAB-8A75-995BE4C3DA24}.Debug|x86.ActiveCfg = Debug|Any CPU
		{BE26BE86-EA33-4BAB-8A75-995BE4C3DA24}.Debug|x86.Build.0 = Debug|Any CPU
		{BE26BE86-EA33-4BAB-8A75-995BE4C3DA24}.Release|Any CPU.ActiveCfg = Release|Any CPU
		{BE26BE86-EA33-4BAB-8A75-995BE4C3DA24}.Release|Any CPU.Build.0 = Release|Any CPU
		{BE26BE86-EA33-4BAB-8A75-995BE4C3DA24}.Release|x64.ActiveCfg = Release|Any CPU
		{BE26BE86-EA33-4BAB-8A75-995BE4C3DA24}.Release|x64.Build.0 = Release|Any CPU
		{BE26BE86-EA33-4BAB-8A75-995BE4C3DA24}.Release|x86.ActiveCfg = Release|Any CPU
		{BE26BE86-EA33-4BAB-8A75-995BE4C3DA24}.Release|x86.Build.0 = Release|Any CPU
		{D45C3AF4-2A9D-4BC0-B08C-8B6C6E1B7202}.Debug|Any CPU.ActiveCfg = Debug|Any CPU
		{D45C3AF4-2A9D-4BC0-B08C-8B6C6E1B7202}.Debug|Any CPU.Build.0 = Debug|Any CPU
		{D45C3AF4-2A9D-4BC0-B08C-8B6C6E1B7202}.Debug|x64.ActiveCfg = Debug|Any CPU
		{D45C3AF4-2A9D-4BC0-B08C-8B6C6E1B7202}.Debug|x64.Build.0 = Debug|Any CPU
		{D45C3AF4-2A9D-4BC0-B08C-8B6C6E1B7202}.Debug|x86.ActiveCfg = Debug|Any CPU
		{D45C3AF4-2A9D-4BC0-B08C-8B6C6E1B7202}.Debug|x86.Build.0 = Debug|Any CPU
		{D45C3AF4-2A9D-4BC0-B08C-8B6C6E1B7202}.Release|Any CPU.ActiveCfg = Release|Any CPU
		{D45C3AF4-2A9D-4BC0-B08C-8B6C6E1B7202}.Release|Any CPU.Build.0 = Release|Any CPU
		{D45C3AF4-2A9D-4BC0-B08C-8B6C6E1B7202}.Release|x64.ActiveCfg = Release|Any CPU
		{D45C3AF4-2A9D-4BC0-B08C-8B6C6E1B7202}.Release|x64.Build.0 = Release|Any CPU
		{D45C3AF4-2A9D-4BC0-B08C-8B6C6E1B7202}.Release|x86.ActiveCfg = Release|Any CPU
		{D45C3AF4-2A9D-4BC0-B08C-8B6C6E1B7202}.Release|x86.Build.0 = Release|Any CPU
		{12AF7F9B-2E27-453F-AFED-BA20F1180AA9}.Debug|Any CPU.ActiveCfg = Debug|Any CPU
		{12AF7F9B-2E27-453F-AFED-BA20F1180AA9}.Debug|Any CPU.Build.0 = Debug|Any CPU
		{12AF7F9B-2E27-453F-AFED-BA20F1180AA9}.Debug|x64.ActiveCfg = Debug|Any CPU
		{12AF7F9B-2E27-453F-AFED-BA20F1180AA9}.Debug|x64.Build.0 = Debug|Any CPU
		{12AF7F9B-2E27-453F-AFED-BA20F1180AA9}.Debug|x86.ActiveCfg = Debug|Any CPU
		{12AF7F9B-2E27-453F-AFED-BA20F1180AA9}.Debug|x86.Build.0 = Debug|Any CPU
		{12AF7F9B-2E27-453F-AFED-BA20F1180AA9}.Release|Any CPU.ActiveCfg = Release|Any CPU
		{12AF7F9B-2E27-453F-AFED-BA20F1180AA9}.Release|Any CPU.Build.0 = Release|Any CPU
		{12AF7F9B-2E27-453F-AFED-BA20F1180AA9}.Release|x64.ActiveCfg = Release|Any CPU
		{12AF7F9B-2E27-453F-AFED-BA20F1180AA9}.Release|x64.Build.0 = Release|Any CPU
		{12AF7F9B-2E27-453F-AFED-BA20F1180AA9}.Release|x86.ActiveCfg = Release|Any CPU
		{12AF7F9B-2E27-453F-AFED-BA20F1180AA9}.Release|x86.Build.0 = Release|Any CPU
		{6F11D14B-CB26-4AF1-A6E1-776C85241C2E}.Debug|Any CPU.ActiveCfg = Debug|Any CPU
		{6F11D14B-CB26-4AF1-A6E1-776C85241C2E}.Debug|Any CPU.Build.0 = Debug|Any CPU
		{6F11D14B-CB26-4AF1-A6E1-776C85241C2E}.Debug|x64.ActiveCfg = Debug|Any CPU
		{6F11D14B-CB26-4AF1-A6E1-776C85241C2E}.Debug|x64.Build.0 = Debug|Any CPU
		{6F11D14B-CB26-4AF1-A6E1-776C85241C2E}.Debug|x86.ActiveCfg = Debug|Any CPU
		{6F11D14B-CB26-4AF1-A6E1-776C85241C2E}.Debug|x86.Build.0 = Debug|Any CPU
		{6F11D14B-CB26-4AF1-A6E1-776C85241C2E}.Release|Any CPU.ActiveCfg = Release|Any CPU
		{6F11D14B-CB26-4AF1-A6E1-776C85241C2E}.Release|Any CPU.Build.0 = Release|Any CPU
		{6F11D14B-CB26-4AF1-A6E1-776C85241C2E}.Release|x64.ActiveCfg = Release|Any CPU
		{6F11D14B-CB26-4AF1-A6E1-776C85241C2E}.Release|x64.Build.0 = Release|Any CPU
		{6F11D14B-CB26-4AF1-A6E1-776C85241C2E}.Release|x86.ActiveCfg = Release|Any CPU
		{6F11D14B-CB26-4AF1-A6E1-776C85241C2E}.Release|x86.Build.0 = Release|Any CPU
		{734CBEEA-2213-4608-A02F-439C5855A14B}.Debug|Any CPU.ActiveCfg = Debug|Any CPU
		{734CBEEA-2213-4608-A02F-439C5855A14B}.Debug|Any CPU.Build.0 = Debug|Any CPU
		{734CBEEA-2213-4608-A02F-439C5855A14B}.Debug|x64.ActiveCfg = Debug|Any CPU
		{734CBEEA-2213-4608-A02F-439C5855A14B}.Debug|x64.Build.0 = Debug|Any CPU
		{734CBEEA-2213-4608-A02F-439C5855A14B}.Debug|x86.ActiveCfg = Debug|Any CPU
		{734CBEEA-2213-4608-A02F-439C5855A14B}.Debug|x86.Build.0 = Debug|Any CPU
		{734CBEEA-2213-4608-A02F-439C5855A14B}.Release|Any CPU.ActiveCfg = Release|Any CPU
		{734CBEEA-2213-4608-A02F-439C5855A14B}.Release|Any CPU.Build.0 = Release|Any CPU
		{734CBEEA-2213-4608-A02F-439C5855A14B}.Release|x64.ActiveCfg = Release|Any CPU
		{734CBEEA-2213-4608-A02F-439C5855A14B}.Release|x64.Build.0 = Release|Any CPU
		{734CBEEA-2213-4608-A02F-439C5855A14B}.Release|x86.ActiveCfg = Release|Any CPU
		{734CBEEA-2213-4608-A02F-439C5855A14B}.Release|x86.Build.0 = Release|Any CPU
		{A027FE7A-8FBC-4C1F-8119-FB935BD3A74A}.Debug|Any CPU.ActiveCfg = Debug|Any CPU
		{A027FE7A-8FBC-4C1F-8119-FB935BD3A74A}.Debug|Any CPU.Build.0 = Debug|Any CPU
		{A027FE7A-8FBC-4C1F-8119-FB935BD3A74A}.Debug|x64.ActiveCfg = Debug|Any CPU
		{A027FE7A-8FBC-4C1F-8119-FB935BD3A74A}.Debug|x64.Build.0 = Debug|Any CPU
		{A027FE7A-8FBC-4C1F-8119-FB935BD3A74A}.Debug|x86.ActiveCfg = Debug|Any CPU
		{A027FE7A-8FBC-4C1F-8119-FB935BD3A74A}.Debug|x86.Build.0 = Debug|Any CPU
		{A027FE7A-8FBC-4C1F-8119-FB935BD3A74A}.Release|Any CPU.ActiveCfg = Release|Any CPU
		{A027FE7A-8FBC-4C1F-8119-FB935BD3A74A}.Release|Any CPU.Build.0 = Release|Any CPU
		{A027FE7A-8FBC-4C1F-8119-FB935BD3A74A}.Release|x64.ActiveCfg = Release|Any CPU
		{A027FE7A-8FBC-4C1F-8119-FB935BD3A74A}.Release|x64.Build.0 = Release|Any CPU
		{A027FE7A-8FBC-4C1F-8119-FB935BD3A74A}.Release|x86.ActiveCfg = Release|Any CPU
		{A027FE7A-8FBC-4C1F-8119-FB935BD3A74A}.Release|x86.Build.0 = Release|Any CPU
		{A0B2F651-9197-4192-8A4D-5F22A3BB7E98}.Debug|Any CPU.ActiveCfg = Debug|Any CPU
		{A0B2F651-9197-4192-8A4D-5F22A3BB7E98}.Debug|Any CPU.Build.0 = Debug|Any CPU
		{A0B2F651-9197-4192-8A4D-5F22A3BB7E98}.Debug|x64.ActiveCfg = Debug|Any CPU
		{A0B2F651-9197-4192-8A4D-5F22A3BB7E98}.Debug|x64.Build.0 = Debug|Any CPU
		{A0B2F651-9197-4192-8A4D-5F22A3BB7E98}.Debug|x86.ActiveCfg = Debug|Any CPU
		{A0B2F651-9197-4192-8A4D-5F22A3BB7E98}.Debug|x86.Build.0 = Debug|Any CPU
		{A0B2F651-9197-4192-8A4D-5F22A3BB7E98}.Release|Any CPU.ActiveCfg = Release|Any CPU
		{A0B2F651-9197-4192-8A4D-5F22A3BB7E98}.Release|Any CPU.Build.0 = Release|Any CPU
		{A0B2F651-9197-4192-8A4D-5F22A3BB7E98}.Release|x64.ActiveCfg = Release|Any CPU
		{A0B2F651-9197-4192-8A4D-5F22A3BB7E98}.Release|x64.Build.0 = Release|Any CPU
		{A0B2F651-9197-4192-8A4D-5F22A3BB7E98}.Release|x86.ActiveCfg = Release|Any CPU
		{A0B2F651-9197-4192-8A4D-5F22A3BB7E98}.Release|x86.Build.0 = Release|Any CPU
		{C13CC684-7D9A-4B3D-9822-A1A87AE270F2}.Debug|Any CPU.ActiveCfg = Debug|Any CPU
		{C13CC684-7D9A-4B3D-9822-A1A87AE270F2}.Debug|Any CPU.Build.0 = Debug|Any CPU
		{C13CC684-7D9A-4B3D-9822-A1A87AE270F2}.Debug|x64.ActiveCfg = Debug|Any CPU
		{C13CC684-7D9A-4B3D-9822-A1A87AE270F2}.Debug|x64.Build.0 = Debug|Any CPU
		{C13CC684-7D9A-4B3D-9822-A1A87AE270F2}.Debug|x86.ActiveCfg = Debug|Any CPU
		{C13CC684-7D9A-4B3D-9822-A1A87AE270F2}.Debug|x86.Build.0 = Debug|Any CPU
		{C13CC684-7D9A-4B3D-9822-A1A87AE270F2}.Release|Any CPU.ActiveCfg = Release|Any CPU
		{C13CC684-7D9A-4B3D-9822-A1A87AE270F2}.Release|Any CPU.Build.0 = Release|Any CPU
		{C13CC684-7D9A-4B3D-9822-A1A87AE270F2}.Release|x64.ActiveCfg = Release|Any CPU
		{C13CC684-7D9A-4B3D-9822-A1A87AE270F2}.Release|x64.Build.0 = Release|Any CPU
		{C13CC684-7D9A-4B3D-9822-A1A87AE270F2}.Release|x86.ActiveCfg = Release|Any CPU
		{C13CC684-7D9A-4B3D-9822-A1A87AE270F2}.Release|x86.Build.0 = Release|Any CPU
		{6C23744B-8E22-43B5-B600-77B2984FA5E4}.Debug|Any CPU.ActiveCfg = Debug|Any CPU
		{6C23744B-8E22-43B5-B600-77B2984FA5E4}.Debug|Any CPU.Build.0 = Debug|Any CPU
		{6C23744B-8E22-43B5-B600-77B2984FA5E4}.Debug|x64.ActiveCfg = Debug|Any CPU
		{6C23744B-8E22-43B5-B600-77B2984FA5E4}.Debug|x64.Build.0 = Debug|Any CPU
		{6C23744B-8E22-43B5-B600-77B2984FA5E4}.Debug|x86.ActiveCfg = Debug|Any CPU
		{6C23744B-8E22-43B5-B600-77B2984FA5E4}.Debug|x86.Build.0 = Debug|Any CPU
		{6C23744B-8E22-43B5-B600-77B2984FA5E4}.Release|Any CPU.ActiveCfg = Release|Any CPU
		{6C23744B-8E22-43B5-B600-77B2984FA5E4}.Release|Any CPU.Build.0 = Release|Any CPU
		{6C23744B-8E22-43B5-B600-77B2984FA5E4}.Release|x64.ActiveCfg = Release|Any CPU
		{6C23744B-8E22-43B5-B600-77B2984FA5E4}.Release|x64.Build.0 = Release|Any CPU
		{6C23744B-8E22-43B5-B600-77B2984FA5E4}.Release|x86.ActiveCfg = Release|Any CPU
		{6C23744B-8E22-43B5-B600-77B2984FA5E4}.Release|x86.Build.0 = Release|Any CPU
		{26A27BA2-75AA-4E63-A317-08C282508CE1}.Debug|Any CPU.ActiveCfg = Debug|Any CPU
		{26A27BA2-75AA-4E63-A317-08C282508CE1}.Debug|Any CPU.Build.0 = Debug|Any CPU
		{26A27BA2-75AA-4E63-A317-08C282508CE1}.Debug|x64.ActiveCfg = Debug|Any CPU
		{26A27BA2-75AA-4E63-A317-08C282508CE1}.Debug|x64.Build.0 = Debug|Any CPU
		{26A27BA2-75AA-4E63-A317-08C282508CE1}.Debug|x86.ActiveCfg = Debug|Any CPU
		{26A27BA2-75AA-4E63-A317-08C282508CE1}.Debug|x86.Build.0 = Debug|Any CPU
		{26A27BA2-75AA-4E63-A317-08C282508CE1}.Release|Any CPU.ActiveCfg = Release|Any CPU
		{26A27BA2-75AA-4E63-A317-08C282508CE1}.Release|Any CPU.Build.0 = Release|Any CPU
		{26A27BA2-75AA-4E63-A317-08C282508CE1}.Release|x64.ActiveCfg = Release|Any CPU
		{26A27BA2-75AA-4E63-A317-08C282508CE1}.Release|x64.Build.0 = Release|Any CPU
		{26A27BA2-75AA-4E63-A317-08C282508CE1}.Release|x86.ActiveCfg = Release|Any CPU
		{26A27BA2-75AA-4E63-A317-08C282508CE1}.Release|x86.Build.0 = Release|Any CPU
		{9267709C-EF92-4765-9056-1EB02A428E80}.Debug|Any CPU.ActiveCfg = Debug|Any CPU
		{9267709C-EF92-4765-9056-1EB02A428E80}.Debug|Any CPU.Build.0 = Debug|Any CPU
		{9267709C-EF92-4765-9056-1EB02A428E80}.Debug|x64.ActiveCfg = Debug|Any CPU
		{9267709C-EF92-4765-9056-1EB02A428E80}.Debug|x64.Build.0 = Debug|Any CPU
		{9267709C-EF92-4765-9056-1EB02A428E80}.Debug|x86.ActiveCfg = Debug|Any CPU
		{9267709C-EF92-4765-9056-1EB02A428E80}.Debug|x86.Build.0 = Debug|Any CPU
		{9267709C-EF92-4765-9056-1EB02A428E80}.Release|Any CPU.ActiveCfg = Release|Any CPU
		{9267709C-EF92-4765-9056-1EB02A428E80}.Release|Any CPU.Build.0 = Release|Any CPU
		{9267709C-EF92-4765-9056-1EB02A428E80}.Release|x64.ActiveCfg = Release|Any CPU
		{9267709C-EF92-4765-9056-1EB02A428E80}.Release|x64.Build.0 = Release|Any CPU
		{9267709C-EF92-4765-9056-1EB02A428E80}.Release|x86.ActiveCfg = Release|Any CPU
		{9267709C-EF92-4765-9056-1EB02A428E80}.Release|x86.Build.0 = Release|Any CPU
		{1BF40717-67A5-48B8-B3EE-D35AE2E2E869}.Debug|Any CPU.ActiveCfg = Debug|Any CPU
		{1BF40717-67A5-48B8-B3EE-D35AE2E2E869}.Debug|Any CPU.Build.0 = Debug|Any CPU
		{1BF40717-67A5-48B8-B3EE-D35AE2E2E869}.Debug|x64.ActiveCfg = Debug|Any CPU
		{1BF40717-67A5-48B8-B3EE-D35AE2E2E869}.Debug|x64.Build.0 = Debug|Any CPU
		{1BF40717-67A5-48B8-B3EE-D35AE2E2E869}.Debug|x86.ActiveCfg = Debug|Any CPU
		{1BF40717-67A5-48B8-B3EE-D35AE2E2E869}.Debug|x86.Build.0 = Debug|Any CPU
		{1BF40717-67A5-48B8-B3EE-D35AE2E2E869}.Release|Any CPU.ActiveCfg = Release|Any CPU
		{1BF40717-67A5-48B8-B3EE-D35AE2E2E869}.Release|Any CPU.Build.0 = Release|Any CPU
		{1BF40717-67A5-48B8-B3EE-D35AE2E2E869}.Release|x64.ActiveCfg = Release|Any CPU
		{1BF40717-67A5-48B8-B3EE-D35AE2E2E869}.Release|x64.Build.0 = Release|Any CPU
		{1BF40717-67A5-48B8-B3EE-D35AE2E2E869}.Release|x86.ActiveCfg = Release|Any CPU
		{1BF40717-67A5-48B8-B3EE-D35AE2E2E869}.Release|x86.Build.0 = Release|Any CPU
		{6B1A2D45-6E80-4E1C-9C6B-1E0A9E4A31C7}.Debug|Any CPU.ActiveCfg = Debug|Any CPU
		{6B1A2D45-6E80-4E1C-9C6B-1E0A9E4A31C7}.Debug|Any CPU.Build.0 = Debug|Any CPU
		{6B1A2D45-6E80-4E1C-9C6B-1E0A9E4A31C7}.Debug|x64.ActiveCfg = Debug|Any CPU
		{6B1A2D45-6E80-4E1C-9C6B-1E0A9E4A31C7}.Debug|x64.Build.0 = Debug|Any CPU
		{6B1A2D45-6E80-4E1C-9C6B-1E0A9E4A31C7}.Debug|x86.ActiveCfg = Debug|Any CPU
		{6B1A2D45-6E80-4E1C-9C6B-1E0A9E4A31C7}.Debug|x86.Build.0 = Debug|Any CPU
		{6B1A2D45-6E80-4E1C-9C6B-1E0A9E4A31C7}.Release|Any CPU.ActiveCfg = Release|Any CPU
		{6B1A2D45-6E80-4E1C-9C6B-1E0A9E4A31C7}.Release|Any CPU.Build.0 = Release|Any CPU
		{6B1A2D45-6E80-4E1C-9C6B-1E0A9E4A31C7}.Release|x64.ActiveCfg = Release|Any CPU
		{6B1A2D45-6E80-4E1C-9C6B-1E0A9E4A31C7}.Release|x64.Build.0 = Release|Any CPU
		{6B1A2D45-6E80-4E1C-9C6B-1E0A9E4A31C7}.Release|x86.ActiveCfg = Release|Any CPU
		{6B1A2D45-6E80-4E1C-9C6B-1E0A9E4A31C7}.Release|x86.Build.0 = Release|Any CPU
		{3F7E5B92-9A54-4D0A-8E2F-6C48B7D51A3E}.Debug|Any CPU.ActiveCfg = Debug|Any CPU
		{3F7E5B92-9A54-4D0A-8E2F-6C48B7D51A3E}.Debug|Any CPU.Build.0 = Debug|Any CPU
		{3F7E5B92-9A54-4D0A-8E2F-6C48B7D51A3E}.Debug|x64.ActiveCfg = Debug|Any CPU
		{3F7E5B92-9A54-4D0A-8E2F-6C48B7D51A3E}.Debug|x64.Build.0 = Debug|Any CPU
		{3F7E5B92-9A54-4D0A-8E2F-6C48B7D51A3E}.Debug|x86.ActiveCfg = Debug|Any CPU
		{3F7E5B92-9A54-4D0A-8E2F-6C48B7D51A3E}.Debug|x86.Build.0 = Debug|Any CPU
		{3F7E5B92-9A54-4D0A-8E2F-6C48B7D51A3E}.Release|Any CPU.ActiveCfg = Release|Any CPU
		{3F7E5B92-9A54-4D0A-8E2F-6C48B7D51A3E}.Release|Any CPU.Build.0 = Release|Any CPU
		{3F7E5B92-9A54-4D0A-8E2F-6C48B7D51A3E}.Release|x64.ActiveCfg = Release|Any CPU
		{3F7E5B92-9A54-4D0A-8E2F-6C48B7D51A3E}.Release|x64.Build.0 = Release|Any CPU
		{3F7E5B92-9A54-4D0A-8E2F-6C48B7D51A3E}.Release|x86.ActiveCfg = Release|Any CPU
		{3F7E5B92-9A54-4D0A-8E2F-6C48B7D51A3E}.Release|x86.Build.0 = Release|Any CPU
		{2C9D74F1-08B3-4E67-9F4D-5A6B1C82E0D9}.Debug|Any CPU.ActiveCfg = Debug|Any CPU
		{2C9D74F1-08B3-4E67-9F4D-5A6B1C82E0D9}.Debug|Any CPU.Build.0 = Debug|Any CPU
		{2C9D74F1-08B3-4E67-9F4D-5A6B1C82E0D9}.Debug|x64.ActiveCfg = Debug|Any CPU
		{2C9D74F1-08B3-4E67-9F4D-5A6B1C82E0D9}.Debug|x64.Build.0 = Debug|Any CPU
		{2C9D74F1-08B3-4E67-9F4D-5A6B1C82E0D9}.Debug|x86.ActiveCfg = Debug|Any CPU
		{2C9D74F1-08B3-4E67-9F4D-5A6B1C82E0D9}.Debug|x86.Build.0 = Debug|Any CPU
		{2C9D74F1-08B3-4E67-9F4D-5A6B1C82E0D9}.Release|Any CPU.ActiveCfg = Release|Any CPU
		{2C9D74F1-08B3-4E67-9F4D-5A6B1C82E0D9}.Release|Any CPU.Build.0 = Release|Any CPU
		{2C9D74F1-08B3-4E67-9F4D-5A6B1C82E0D9}.Release|x64.ActiveCfg = Release|Any CPU
		{2C9D74F1-08B3-4E67-9F4D-5A6B1C82E0D9}.Release|x64.Build.0 = Release|Any CPU
		{2C9D74F1-08B3-4E67-9F4D-5A6B1C82E0D9}.Release|x86.ActiveCfg = Release|Any CPU
		{2C9D74F1-08B3-4E67-9F4D-5A6B1C82E0D9}.Release|x86.Build.0 = Release|Any CPU
		{8B41F7C2-5D3A-4A18-9C6E-2F70A9D14B55}.Debug|Any CPU.ActiveCfg = Debug|Any CPU
		{8B41F7C2-5D3A-4A18-9C6E-2F70A9D14B55}.Debug|Any CPU.Build.0 = Debug|Any CPU
		{8B41F7C2-5D3A-4A18-9C6E-2F70A9D14B55}.Debug|x64.ActiveCfg = Debug|Any CPU
		{8B41F7C2-5D3A-4A18-9C6E-2F70A9D14B55}.Debug|x64.Build.0 = Debug|Any CPU
		{8B41F7C2-5D3A-4A18-9C6E-2F70A9D14B55}.Debug|x86.ActiveCfg = Debug|Any CPU
		{8B41F7C2-5D3A-4A18-9C6E-2F70A9D14B55}.Debug|x86.Build.0 = Debug|Any CPU
		{8B41F7C2-5D3A-4A18-9C6E-2F70A9D14B55}.Release|Any CPU.ActiveCfg = Release|Any CPU
		{8B41F7C2-5D3A-4A18-9C6E-2F70A9D14B55}.Release|Any CPU.Build.0 = Release|Any CPU
		{8B41F7C2-5D3A-4A18-9C6E-2F70A9D14B55}.Release|x64.ActiveCfg = Release|Any CPU
		{8B41F7C2-5D3A-4A18-9C6E-2F70A9D14B55}.Release|x64.Build.0 = Release|Any CPU
		{8B41F7C2-5D3A-4A18-9C6E-2F70A9D14B55}.Release|x86.ActiveCfg = Release|Any CPU
		{8B41F7C2-5D3A-4A18-9C6E-2F70A9D14B55}.Release|x86.Build.0 = Release|Any CPU
		{D055CEEE-0953-494D-9439-3FDE681AADB6}.Debug|Any CPU.ActiveCfg = Debug|Any CPU
		{D055CEEE-0953-494D-9439-3FDE681AADB6}.Debug|Any CPU.Build.0 = Debug|Any CPU
		{D055CEEE-0953-494D-9439-3FDE681AADB6}.Debug|x64.ActiveCfg = Debug|Any CPU
		{D055CEEE-0953-494D-9439-3FDE681AADB6}.Debug|x64.Build.0 = Debug|Any CPU
		{D055CEEE-0953-494D-9439-3FDE681AADB6}.Debug|x86.ActiveCfg = Debug|Any CPU
		{D055CEEE-0953-494D-9439-3FDE681AADB6}.Debug|x86.Build.0 = Debug|Any CPU
		{D055CEEE-0953-494D-9439-3FDE681AADB6}.Release|Any CPU.ActiveCfg = Release|Any CPU
		{D055CEEE-0953-494D-9439-3FDE681AADB6}.Release|Any CPU.Build.0 = Release|Any CPU
		{D055CEEE-0953-494D-9439-3FDE681AADB6}.Release|x64.ActiveCfg = Release|Any CPU
		{D055CEEE-0953-494D-9439-3FDE681AADB6}.Release|x64.Build.0 = Release|Any CPU
		{D055CEEE-0953-494D-9439-3FDE681AADB6}.Release|x86.ActiveCfg = Release|Any CPU
		{D055CEEE-0953-494D-9439-3FDE681AADB6}.Release|x86.Build.0 = Release|Any CPU
		{5F3C3123-49B9-4BD8-AB65-71CFE033ABCE}.Debug|Any CPU.ActiveCfg = Debug|Any CPU
		{5F3C3123-49B9-4BD8-AB65-71CFE033ABCE}.Debug|Any CPU.Build.0 = Debug|Any CPU
		{5F3C3123-49B9-4BD8-AB65-71CFE033ABCE}.Debug|x64.ActiveCfg = Debug|Any CPU
		{5F3C3123-49B9-4BD8-AB65-71CFE033ABCE}.Debug|x64.Build.0 = Debug|Any CPU
		{5F3C3123-49B9-4BD8-AB65-71CFE033ABCE}.Debug|x86.ActiveCfg = Debug|Any CPU
		{5F3C3123-49B9-4BD8-AB65-71CFE033ABCE}.Debug|x86.Build.0 = Debug|Any CPU
		{5F3C3123-49B9-4BD8-AB65-71CFE033ABCE}.Release|Any CPU.ActiveCfg = Release|Any CPU
		{5F3C3123-49B9-4BD8-AB65-71CFE033ABCE}.Release|Any CPU.Build.0 = Release|Any CPU
		{5F3C3123-49B9-4BD8-AB65-71CFE033ABCE}.Release|x64.ActiveCfg = Release|Any CPU
		{5F3C3123-49B9-4BD8-AB65-71CFE033ABCE}.Release|x64.Build.0 = Release|Any CPU
		{5F3C3123-49B9-4BD8-AB65-71CFE033ABCE}.Release|x86.ActiveCfg = Release|Any CPU
		{5F3C3123-49B9-4BD8-AB65-71CFE033ABCE}.Release|x86.Build.0 = Release|Any CPU
	EndGlobalSection
	GlobalSection(SolutionProperties) = preSolution
		HideSolutionNode = FALSE
	EndGlobalSection
	GlobalSection(NestedProjects) = preSolution
		{CF273491-3418-45E3-9723-E48257D619DF} = {827E0CD3-B72D-47B6-A68D-7590B98EB39B}
		{940CD128-9D17-45EF-B575-8FF79A481B57} = {827E0CD3-B72D-47B6-A68D-7590B98EB39B}
		{5C292305-035C-444A-B57E-31290CAD8FC3} = {827E0CD3-B72D-47B6-A68D-7590B98EB39B}
		{9FF8BAB2-6BF8-40A1-BAE8-5F7362B983D3} = {827E0CD3-B72D-47B6-A68D-7590B98EB39B}
		{3D56877B-6AD4-48E2-B984-5DA4759A3713} = {827E0CD3-B72D-47B6-A68D-7590B98EB39B}
		{09D52478-7248-40AC-A0EF-E0DC0FFD2FB9} = {827E0CD3-B72D-47B6-A68D-7590B98EB39B}
		{14183E1A-81D8-48EE-BDBF-B789337A0BD2} = {827E0CD3-B72D-47B6-A68D-7590B98EB39B}
		{B7D6620B-1E3D-43E5-B59C-F40FE43D8E76} = {827E0CD3-B72D-47B6-A68D-7590B98EB39B}
		{58BD8768-506C-43FA-A371-B7838CE4C745} = {827E0CD3-B72D-47B6-A68D-7590B98EB39B}
		{8D346CB1-D1C9-4E2D-95CE-2CD035FC5F5E} = {827E0CD3-B72D-47B6-A68D-7590B98EB39B}
		{9D82E88E-595A-4B42-A6E1-A5E7CB953C67} = {827E0CD3-B72D-47B6-A68D-7590B98EB39B}
		{ED9FE5DF-9756-4384-8F7A-854222B10ED4} = {827E0CD3-B72D-47B6-A68D-7590B98EB39B}
		{E5A7FCD1-AA93-4307-B772-33E56B74D81D} = {827E0CD3-B72D-47B6-A68D-7590B98EB39B}
		{8A337240-826B-437D-940B-5A9FC79FAEFD} = {827E0CD3-B72D-47B6-A68D-7590B98EB39B}
		{BE26BE86-EA33-4BAB-8A75-995BE4C3DA24} = {827E0CD3-B72D-47B6-A68D-7590B98EB39B}
		{D45C3AF4-2A9D-4BC0-B08C-8B6C6E1B7202} = {827E0CD3-B72D-47B6-A68D-7590B98EB39B}
		{12AF7F9B-2E27-453F-AFED-BA20F1180AA9} = {827E0CD3-B72D-47B6-A68D-7590B98EB39B}
		{6F11D14B-CB26-4AF1-A6E1-776C85241C2E} = {827E0CD3-B72D-47B6-A68D-7590B98EB39B}
		{734CBEEA-2213-4608-A02F-439C5855A14B} = {827E0CD3-B72D-47B6-A68D-7590B98EB39B}
		{A027FE7A-8FBC-4C1F-8119-FB935BD3A74A} = {827E0CD3-B72D-47B6-A68D-7590B98EB39B}
		{A0B2F651-9197-4192-8A4D-5F22A3BB7E98} = {827E0CD3-B72D-47B6-A68D-7590B98EB39B}
		{C13CC684-7D9A-4B3D-9822-A1A87AE270F2} = {827E0CD3-B72D-47B6-A68D-7590B98EB39B}
		{6C23744B-8E22-43B5-B600-77B2984FA5E4} = {827E0CD3-B72D-47B6-A68D-7590B98EB39B}
		{26A27BA2-75AA-4E63-A317-08C282508CE1} = {827E0CD3-B72D-47B6-A68D-7590B98EB39B}
		{9267709C-EF92-4765-9056-1EB02A428E80} = {827E0CD3-B72D-47B6-A68D-7590B98EB39B}
		{1BF40717-67A5-48B8-B3EE-D35AE2E2E869} = {827E0CD3-B72D-47B6-A68D-7590B98EB39B}
		{6B1A2D45-6E80-4E1C-9C6B-1E0A9E4A31C7} = {827E0CD3-B72D-47B6-A68D-7590B98EB39B}
		{3F7E5B92-9A54-4D0A-8E2F-6C48B7D51A3E} = {827E0CD3-B72D-47B6-A68D-7590B98EB39B}
		{2C9D74F1-08B3-4E67-9F4D-5A6B1C82E0D9} = {827E0CD3-B72D-47B6-A68D-7590B98EB39B}
		{8B41F7C2-5D3A-4A18-9C6E-2F70A9D14B55} = {827E0CD3-B72D-47B6-A68D-7590B98EB39B}
		{D055CEEE-0953-494D-9439-3FDE681AADB6} = {827E0CD3-B72D-47B6-A68D-7590B98EB39B}
		{5F3C3123-49B9-4BD8-AB65-71CFE033ABCE} = {827E0CD3-B72D-47B6-A68D-7590B98EB39B}
	EndGlobalSection
EndGlobal
