{
  "version": 2,
  "dependencies": {
    "net11.0": {
      "Microsoft.AspNetCore.App.Internal.Assets": {
        "type": "Direct",
        "requested": "[11.0.0-preview.7.26381.103, )",
        "resolved": "11.0.0-preview.7.26381.103",
        "contentHash": "pKUm+h+BVe7yLdqDeKhA9ydc4S5xdZNcDKTdFQ25lXjkicHqGj3BR0miY0L68zynMl3KyY74aJkF9kkdHBm2Sw=="
      },
      "Microsoft.AspNetCore.Components.WebAssembly": {
        "type": "Direct",
        "requested": "[11.0.0-preview.7.26381.103, )",
        "resolved": "11.0.0-preview.7.26381.103",
        "contentHash": "olovpXNd7TOPQuaycQ9iElVEukZXGgnZm+NZ5OXfCmnVJ4RSAY8QvPyy9/XoZiA8Zu6aliBjpkm5b3E2RXZBMw==",
        "dependencies": {
          "Microsoft.AspNetCore.Components.Web": "11.0.0-preview.7.26381.103",
          "Microsoft.Extensions.Configuration.Binder": "11.0.0-preview.7.26381.103",
          "Microsoft.Extensions.Configuration.EnvironmentVariables": "11.0.0-preview.7.26381.103",
          "Microsoft.Extensions.Configuration.Json": "11.0.0-preview.7.26381.103",
          "Microsoft.Extensions.Diagnostics": "11.0.0-preview.7.26381.103",
          "Microsoft.Extensions.Logging": "11.0.0-preview.7.26381.103",
          "Microsoft.JSInterop.WebAssembly": "11.0.0-preview.7.26381.103"
        }
      },
      "Microsoft.AspNetCore.Components.WebAssembly.DevServer": {
        "type": "Direct",
        "requested": "[11.0.0-preview.7.26381.103, )",
        "resolved": "11.0.0-preview.7.26381.103",
        "contentHash": "KepatHmmsdHuzoHf1ntkeohLkSAiS7SAJvc5kDkkTXxl+ozNTpHQAbRy+tIJxxx9i4SwKmTc+4tbwRcwG3EEPg=="
      },
      "Microsoft.AspNetCore.SignalR.Client": {
        "type": "Direct",
        "requested": "[11.0.0-preview.7.26381.103, )",
        "resolved": "11.0.0-preview.7.26381.103",
        "contentHash": "NPD/BiPlm8GAtpHPDBdfUlly/W3WGxegimZfazRNSfqBoxnIecJ+dzVtw1vn9gBVSl9L3Kc5aUMIf2HpBXgS2g==",
        "dependencies": {
          "Microsoft.AspNetCore.Http.Connections.Client": "11.0.0-preview.7.26381.103",
          "Microsoft.AspNetCore.SignalR.Client.Core": "11.0.0-preview.7.26381.103"
        }
      },
      "Microsoft.NET.ILLink.Tasks": {
        "type": "Direct",
        "requested": "[11.0.0-preview.7.26381.103, )",
        "resolved": "11.0.0-preview.7.26381.103",
        "contentHash": "UpCNpEWY31Zr5mKOmgbIRFZCltcoin2vh6t7ENl1i94zW5LJZVLnsIAdpBNWVqpe03k3REzMkjhkO4GhxZl2mA=="
      },
      "Microsoft.NET.Sdk.WebAssembly.Pack": {
        "type": "Direct",
        "requested": "[11.0.0-preview.7.26381.103, )",
        "resolved": "11.0.0-preview.7.26381.103",
        "contentHash": "MIPviGWucOjNFFDKh0qtuUpBNL9clWy1wx8sKAPZJwb86t6LIeRm7cAmNSW2LaIJntG/Ber28jJdCrnh9hYXBQ=="
      },
      "Microsoft.AspNetCore.Authorization": {
        "type": "Transitive",
        "resolved": "11.0.0-preview.7.26381.103",
        "contentHash": "GmmeZ3YRnhVXgLg14VAQn+CxIImgIJbLt05V9Uy8Mb2PnTINa4qUTvRnbR5oP0+U2b+QsQBOjKK7U7l6nvw/aw==",
        "dependencies": {
          "Microsoft.AspNetCore.Metadata": "11.0.0-preview.7.26381.103",
          "Microsoft.Extensions.Diagnostics": "11.0.0-preview.7.26381.103"
        }
      },
      "Microsoft.AspNetCore.Components": {
        "type": "Transitive",
        "resolved": "11.0.0-preview.7.26381.103",
        "contentHash": "nWQ5uDUzjO3H/rmUu2Uwx6sKibXz1dD/XUS/kHJfKfEUevsq37kTS0QvuxguYMwRA040NdLCNThAbcKX1C/vww==",
        "dependencies": {
          "Microsoft.AspNetCore.Authorization": "11.0.0-preview.7.26381.103",
          "Microsoft.AspNetCore.Components.Analyzers": "11.0.0-preview.7.26381.103"
        }
      },
      "Microsoft.AspNetCore.Components.Analyzers": {
        "type": "Transitive",
        "resolved": "11.0.0-preview.7.26381.103",
        "contentHash": "C9YSj2vDDS47vOXXNHrLI4D5qgAE1dVOYCkE8y/Fmy/JzJuhnOArNSWDqXGhwDudNGEAkXnAnVVKGX1eL+ZSpw=="
      },
      "Microsoft.AspNetCore.Components.Forms": {
        "type": "Transitive",
        "resolved": "11.0.0-preview.7.26381.103",
        "contentHash": "4nSli8kD8yMojAcevhG0pXSPInmFFvGKaY3+tKgUffJz0FbjJZkfgcDoaOMxIjjeAoqwTdVLxvGaKv4mx7HXIg==",
        "dependencies": {
          "Microsoft.AspNetCore.Components": "11.0.0-preview.7.26381.103",
          "Microsoft.Extensions.Validation": "11.0.0-preview.7.26381.103"
        }
      },
      "Microsoft.AspNetCore.Components.Web": {
        "type": "Transitive",
        "resolved": "11.0.0-preview.7.26381.103",
        "contentHash": "oXpJiQf4FZq9WMv0dvGMHaSsG9Yvh8HtgUMhcNjjy4SyD9JxGthsKFuoLvBXuqWyg7yvpCdPSqknEQl7UoYbLQ==",
        "dependencies": {
          "Microsoft.AspNetCore.Components": "11.0.0-preview.7.26381.103",
          "Microsoft.AspNetCore.Components.Forms": "11.0.0-preview.7.26381.103",
          "Microsoft.Extensions.DependencyInjection": "11.0.0-preview.7.26381.103",
          "Microsoft.JSInterop": "11.0.0-preview.7.26381.103"
        }
      },
      "Microsoft.AspNetCore.Connections.Abstractions": {
        "type": "Transitive",
        "resolved": "11.0.0-preview.7.26381.103",
        "contentHash": "MtArzqzGlWqHicfVq/9d30N1YtvX3Vaa+RKwqLhGNx/f+yidRkZhDbelswrf27DhjsfaI4DC6jNr+ElAvWO3pQ==",
        "dependencies": {
          "Microsoft.Extensions.Features": "11.0.0-preview.7.26381.103"
        }
      },
      "Microsoft.AspNetCore.Http.Connections.Client": {
        "type": "Transitive",
        "resolved": "11.0.0-preview.7.26381.103",
        "contentHash": "RhnoeXx5L2v3MNP4DsJyNrFLO7Hq8s8W4kS3AGXl8gzgPHqcLjOfw5dN4T2A0qMVlcTO7/pLgsrVzLvG9s6l5A==",
        "dependencies": {
          "Microsoft.AspNetCore.Http.Connections.Common": "11.0.0-preview.7.26381.103"
        }
      },
      "Microsoft.AspNetCore.Http.Connections.Common": {
        "type": "Transitive",
        "resolved": "11.0.0-preview.7.26381.103",
        "contentHash": "5SDyeLhoqBW1NBZrM4NCMyDAB5dXZn9ecqeHP1F3vYkewetp4XAnA9n0Jrtksa0Euy8nYA+PDnUHl8PRfZLasg==",
        "dependencies": {
          "Microsoft.AspNetCore.Connections.Abstractions": "11.0.0-preview.7.26381.103"
        }
      },
      "Microsoft.AspNetCore.Metadata": {
        "type": "Transitive",
        "resolved": "11.0.0-preview.7.26381.103",
        "contentHash": "XPIBX7PQVR/F1lYnuPwL1NLTibGONUWaJGG45TW0mZNdtP9CkZ5g+VoUGj7DH+UW4YCaPRfLk7lFL4h+iAeeLg=="
      },
      "Microsoft.AspNetCore.SignalR.Client.Core": {
        "type": "Transitive",
        "resolved": "11.0.0-preview.7.26381.103",
        "contentHash": "q/8HxUaEtBMDOdzWaxc8LT+ugQDtsNATvbG4IRUzKYfN3lzVn4VF9skCERwnkllMELFJSlP5BOFyasDryfoIqQ==",
        "dependencies": {
          "Microsoft.AspNetCore.SignalR.Common": "11.0.0-preview.7.26381.103",
          "Microsoft.AspNetCore.SignalR.Protocols.Json": "11.0.0-preview.7.26381.103",
          "Microsoft.Extensions.DependencyInjection": "11.0.0-preview.7.26381.103",
          "Microsoft.Extensions.Logging": "11.0.0-preview.7.26381.103"
        }
      },
      "Microsoft.AspNetCore.SignalR.Common": {
        "type": "Transitive",
        "resolved": "11.0.0-preview.7.26381.103",
        "contentHash": "HY+R/z45WabxP75jmOaRl0PDAJA/oS38Ch9FVKrirB96nY2poDNHHNz0C37KqOZmteYK8XG98pjWSi2TBgTljg==",
        "dependencies": {
          "Microsoft.AspNetCore.Connections.Abstractions": "11.0.0-preview.7.26381.103"
        }
      },
      "Microsoft.AspNetCore.SignalR.Protocols.Json": {
        "type": "Transitive",
        "resolved": "11.0.0-preview.7.26381.103",
        "contentHash": "f+XGBnp9DQ9XWeKkS8PYawN8O9HOHyAqJTLubbTH+bVxo5Ylh9M42itwbJykeoSHkwdB0I4sdc5V3cIbSrOnPQ==",
        "dependencies": {
          "Microsoft.AspNetCore.SignalR.Common": "11.0.0-preview.7.26381.103"
        }
      },
      "Microsoft.Extensions.Configuration.FileExtensions": {
        "type": "Transitive",
        "resolved": "11.0.0-preview.7.26381.103",
        "contentHash": "qNHpEkxKMcpEdDPCuey/0jKhJUmPbLHsHitf+aoxrAqz9ApvYIf11w8z3xIsydo7qacIrxACuIngVVEqidd3GA==",
        "dependencies": {
          "Microsoft.Extensions.Configuration": "11.0.0-preview.7.26381.103",
          "Microsoft.Extensions.FileProviders.Physical": "11.0.0-preview.7.26381.103"
        }
      },
      "Microsoft.Extensions.Diagnostics": {
        "type": "Transitive",
        "resolved": "11.0.0-preview.7.26381.103",
        "contentHash": "JA9JjYASjlzaDsC248Hkc8HBYfQNwJTAqkAZCqKfqwqRZAiNm2NtFbBwiyxA5Vt0/tGHHXJCw3/aqc/Av8mkTw==",
        "dependencies": {
          "Microsoft.Extensions.Configuration": "11.0.0-preview.7.26381.103",
          "Microsoft.Extensions.Options.ConfigurationExtensions": "11.0.0-preview.7.26381.103"
        }
      },
      "Microsoft.Extensions.Features": {
        "type": "Transitive",
        "resolved": "11.0.0-preview.7.26381.103",
        "contentHash": "3PLJMgLZX7d9e+hg3fosj4Ue+7TkZey9fP8nK18muzJhvqDTg6/tLbRNaYY+uLO+/2ZRsNa0Gh8B6ULbvq+GBw=="
      },
      "Microsoft.Extensions.FileProviders.Physical": {
        "type": "Transitive",
        "resolved": "11.0.0-preview.7.26381.103",
        "contentHash": "amteaBUpxnZCT1DD6+YneHdSFDt5jGmNe60hDJZC7PbRykBLzZs30//HY9xKkn+Am6r7rxtxboaLSqc7P9hcaA==",
        "dependencies": {
          "Microsoft.Extensions.FileSystemGlobbing": "11.0.0-preview.7.26381.103"
        }
      },
      "Microsoft.Extensions.FileSystemGlobbing": {
        "type": "Transitive",
        "resolved": "11.0.0-preview.7.26381.103",
        "contentHash": "8I3TVOl+hhYRNHT5V4NlZqVK0JjJENbKurLpTBTkfGwWH8kTXFDPvlDuFw2JQvxs4MZSNa0By59LYlPXNKdF8w=="
      },
      "Microsoft.Extensions.Localization.Abstractions": {
        "type": "Transitive",
        "resolved": "11.0.0-preview.7.26381.103",
        "contentHash": "a2H2NhKJvxKuD7nsghW28tuwWkwRzcrYL/aq01Ek8oTMpa31PLzhuMV2My6lrhMO2EF9wS8g5yuUCLiqYWMIUQ=="
      },
      "Microsoft.Extensions.Validation": {
        "type": "Transitive",
        "resolved": "11.0.0-preview.7.26381.103",
        "contentHash": "buB1rtL9/kh5B2fwA9XjOa9FOzCO6K/30F+0abANEwVrodjr5JMlt+2HyDQDQhdSCnDGxpj9q+r3kXTsT2jUFQ==",
        "dependencies": {
          "Microsoft.Extensions.Localization.Abstractions": "11.0.0-preview.7.26381.103"
        }
      },
      "Microsoft.JSInterop": {
        "type": "Transitive",
        "resolved": "11.0.0-preview.7.26381.103",
        "contentHash": "Bzm+DP6zeOl4eJ6T8bbsKFkRaYSRBn/r9GzEgKPCVYlSEiU6wOLq/eFxOFGYxIOGn5zak4rQq7Df4U/mm18LRw=="
      },
      "Microsoft.JSInterop.WebAssembly": {
        "type": "Transitive",
        "resolved": "11.0.0-preview.7.26381.103",
        "contentHash": "3d9Lfevm0wsojvZey7OhjiflrZsxhu+DTAM46zYVQ+cxkbLGk6ERyQtYknDkfThS9ixpVvrouIMRvYq7s8cvjA==",
        "dependencies": {
          "Microsoft.JSInterop": "11.0.0-preview.7.26381.103"
        }
      },
      "arronix.abstractions": {
        "type": "Project"
      },
      "Microsoft.Extensions.Configuration": {
        "type": "CentralTransitive",
        "requested": "[11.0.0-preview.7.26381.103, )",
        "resolved": "11.0.0-preview.7.26381.103",
        "contentHash": "6YIdcM583agiVU/fJ/rANk7p55VDYnPfP46fB48VDJn9LrQ3J7Bib5kAQtCCsrW1IJv9fh7TkoiYYdcVps9F3A=="
      },
      "Microsoft.Extensions.Configuration.Binder": {
        "type": "CentralTransitive",
        "requested": "[11.0.0-preview.7.26381.103, )",
        "resolved": "11.0.0-preview.7.26381.103",
        "contentHash": "oYFXD1QM7E+sHeFp5e2WiVHU0yrJ72ZA8Z3BONQsNNIhTjCYs1X6NrHGvCUSFre2NRt09cjUQNObwH8fyze4vA==",
        "dependencies": {
          "Microsoft.Extensions.Configuration": "11.0.0-preview.7.26381.103"
        }
      },
      "Microsoft.Extensions.Configuration.EnvironmentVariables": {
        "type": "CentralTransitive",
        "requested": "[11.0.0-preview.7.26381.103, )",
        "resolved": "11.0.0-preview.7.26381.103",
        "contentHash": "OV+Z/4ajwARfDCUSrwrKjmBA8kkVM0hslsOSnMmnrGSdc7QQ+OI/zartIQuculEiUJxM048ssrEH3Nw+FxXEXg==",
        "dependencies": {
          "Microsoft.Extensions.Configuration": "11.0.0-preview.7.26381.103"
        }
      },
      "Microsoft.Extensions.Configuration.Json": {
        "type": "CentralTransitive",
        "requested": "[11.0.0-preview.7.26381.103, )",
        "resolved": "11.0.0-preview.7.26381.103",
        "contentHash": "5VmT0leA8OPv1mPAuNVVdrpb9Vgn+77sq2Ra5VAc9o9dnEGZdfPicltaE5WYm5ygeXuAmofod5bQye1P4P6tNA==",
        "dependencies": {
          "Microsoft.Extensions.Configuration": "11.0.0-preview.7.26381.103",
          "Microsoft.Extensions.Configuration.FileExtensions": "11.0.0-preview.7.26381.103"
        }
      },
      "Microsoft.Extensions.DependencyInjection": {
        "type": "CentralTransitive",
        "requested": "[11.0.0-preview.7.26381.103, )",
        "resolved": "11.0.0-preview.7.26381.103",
        "contentHash": "IgS1YfEd2i0p/zY8ytcW1zaFR3ivC0M4Ce3JnpZoKpzK9MogNkHb9BZPqYtq0mDuCe2ouirh6058glgPxhwD8g=="
      },
      "Microsoft.Extensions.Logging": {
        "type": "CentralTransitive",
        "requested": "[11.0.0-preview.7.26381.103, )",
        "resolved": "11.0.0-preview.7.26381.103",
        "contentHash": "VoYsG/1Gt7kpSeno7eUrnLKfusYZf9L8qSnYtMNh1ClwXKIfKU6+g+Lq23VeanJP2ieQyPBH0xtSzay8J7r9lQ==",
        "dependencies": {
          "Microsoft.Extensions.DependencyInjection": "11.0.0-preview.7.26381.103"
        }
      },
      "Microsoft.Extensions.Options.ConfigurationExtensions": {
        "type": "CentralTransitive",
        "requested": "[11.0.0-preview.7.26381.103, )",
        "resolved": "11.0.0-preview.7.26381.103",
        "contentHash": "nkheyD5iwoPvfUFOQMrGhNA5GAjP39OsMGRyUyiSxQ6hx4Rod8FDcGo7wgU5HAONzJOqXIr+cNZgrPRRF0ChAA==",
        "dependencies": {
          "Microsoft.Extensions.Configuration.Binder": "11.0.0-preview.7.26381.103"
        }
      }
    },
    "net11.0/browser-wasm": {}
  }
}